
Microsoft Visual Studio Solution File, Format Version 12.00
# Visual Studio Version 17
VisualStudioVersion = 17.8.34525.116
MinimumVisualStudioVersion = 10.0.40219.1
Project("{FAE04EC0-301F-11D3-BF4B-00C04F79EFBC}") = "ExamenI", "ExamenI\ExamenI.csproj", "{53F55B9A-B89B-4B34-8974-E21781A0B5B9}"
EndProject
Global
	GlobalSection(SolutionConfigurationPlatforms) = preSolution
		Debug|Any CPU = Debug|Any CPU
		Release|Any CPU = Release|Any CPU
	EndGlobalSection
	GlobalSection(ProjectConfigurationPlatforms) = postSolution
		{53F55B9A-B89B-4B34-8974-E21781A0B5B9}.Debug|Any CPU.ActiveCfg = Debug|Any CPU
		{53F55B9A-B89B-4B34-8974-E21781A0B5B9}.Debug|Any CPU.Build.0 = Debug|Any CPU
		{53F55B9A-B89B-4B34-8974-E21781A0B5B9}.Release|Any CPU.ActiveCfg = Release|Any CPU
		{53F55B9A-B89B-4B34-8974-E21781A0B5B9}.Release|Any CPU.Build.0 = Release|Any CPU
	EndGlobalSection
	GlobalSection(SolutionProperties) = preSolution
		HideSolutionNode = FALSE
	EndGlobalSection
	GlobalSection(ExtensibilityGlobals) = postSolution
		SolutionGuid = {1207BCAC-1024-4D0F-A4C6-E7A0DDA06D63}
	EndGlobalSection
EndGlobal
